// !$*UTF8*$!
{
	archiveVersion = 1;
	classes = {
	};
	objectVersion = 50;
	objects = {

/* Begin PBXBuildFile section */
		CE250A862289739600985F9D /* AppDelegate.swift in Sources */ = {isa = PBXBuildFile; fileRef = CE250A852289739600985F9D /* AppDelegate.swift */; };
		CE250A882289739600985F9D /* ViewController.swift in Sources */ = {isa = PBXBuildFile; fileRef = CE250A872289739600985F9D /* ViewController.swift */; };
		CE250A8B2289739600985F9D /* Main.storyboard in Resources */ = {isa = PBXBuildFile; fileRef = CE250A892289739600985F9D /* Main.storyboard */; };
		CE250A8E2289739600985F9D /* MasterPopover.xcdatamodeld in Sources */ = {isa = PBXBuildFile; fileRef = CE250A8C2289739600985F9D /* MasterPopover.xcdatamodeld */; };
		CE250A902289739700985F9D /* Assets.xcassets in Resources */ = {isa = PBXBuildFile; fileRef = CE250A8F2289739700985F9D /* Assets.xcassets */; };
		CE250A932289739700985F9D /* LaunchScreen.storyboard in Resources */ = {isa = PBXBuildFile; fileRef = CE250A912289739700985F9D /* LaunchScreen.storyboard */; };
		CE250A9E2289739800985F9D /* MasterPopoverTests.swift in Sources */ = {isa = PBXBuildFile; fileRef = CE250A9D2289739800985F9D /* MasterPopoverTests.swift */; };
		CE250AA92289739800985F9D /* MasterPopoverUITests.swift in Sources */ = {isa = PBXBuildFile; fileRef = CE250AA82289739800985F9D /* MasterPopoverUITests.swift */; };
		CE250AB72289764B00985F9D /* Button.swift in Sources */ = {isa = PBXBuildFile; fileRef = CE250AB62289764B00985F9D /* Button.swift */; };
		CE255FD122898DA80025D9A1 /* UIViewExtension.swift in Sources */ = {isa = PBXBuildFile; fileRef = CE255FD022898DA80025D9A1 /* UIViewExtension.swift */; };
		CE5B6483228A524D0037D4DD /* PopupView.swift in Sources */ = {isa = PBXBuildFile; fileRef = CE5B6482228A524D0037D4DD /* PopupView.swift */; };
/* End PBXBuildFile section */

/* Begin PBXContainerItemProxy section */
		CE250A9A2289739800985F9D /* PBXContainerItemProxy */ = {
			isa = PBXContainerItemProxy;
			containerPortal = CE250A7A2289739600985F9D /* Project object */;
			proxyType = 1;
			remoteGlobalIDString = CE250A812289739600985F9D;
			remoteInfo = MasterPopover;
		};
		CE250AA52289739800985F9D /* PBXContainerItemProxy */ = {
			isa = PBXContainerItemProxy;
			containerPortal = CE250A7A2289739600985F9D /* Project object */;
			proxyType = 1;
			remoteGlobalIDString = CE250A812289739600985F9D;
			remoteInfo = MasterPopover;
		};
/* End PBXContainerItemProxy section */

/* Begin PBXFileReference section */
		CE250A822289739600985F9D /* MasterPopover.app */ = {isa = PBXFileReference; explicitFileType = wrapper.application; includeInIndex = 0; path = MasterPopover.app; sourceTree = BUILT_PRODUCTS_DIR; };
		CE250A852289739600985F9D /* AppDelegate.swift */ = {isa = PBXFileReference; lastKnownFileType = sourcecode.swift; path = AppDelegate.swift; sourceTree = "<group>"; };
		CE250A872289739600985F9D /* ViewController.swift */ = {isa = PBXFileReference; lastKnownFileType = sourcecode.swift; path = ViewController.swift; sourceTree = "<group>"; };
		CE250A8A2289739600985F9D /* Base */ = {isa = PBXFileReference; lastKnownFileType = file.storyboard; name = Base; path = Base.lproj/Main.storyboard; sourceTree = "<group>"; };
		CE250A8D2289739600985F9D /* MasterPopover.xcdatamodel */ = {isa = PBXFileReference; lastKnownFileType = wrapper.xcdatamodel; path = MasterPopover.xcdatamodel; sourceTree = "<group>"; };
		CE250A8F2289739700985F9D /* Assets.xcassets */ = {isa = PBXFileReference; lastKnownFileType = folder.assetcatalog; path = Assets.xcassets; sourceTree = "<group>"; };
		CE250A922289739700985F9D /* Base */ = {isa = PBXFileReference; lastKnownFileType = file.storyboard; name = Base; path = Base.lproj/LaunchScreen.storyboard; sourceTree = "<group>"; };
		CE250A942289739700985F9D /* Info.plist */ = {isa = PBXFileReference; lastKnownFileType = text.plist.xml; path = Info.plist; sourceTree = "<group>"; };
		CE250A992289739800985F9D /* MasterPopoverTests.xctest */ = {isa = PBXFileReference; explicitFileType = wrapper.cfbundle; includeInIndex = 0; path = MasterPopoverTests.xctest; sourceTree = BUILT_PRODUCTS_DIR; };
		CE250A9D2289739800985F9D /* MasterPopoverTests.swift */ = {isa = PBXFileReference; lastKnownFileType = sourcecode.swift; path = MasterPopoverTests.swift; sourceTree = "<group>"; };
		CE250A9F2289739800985F9D /* Info.plist */ = {isa = PBXFileReference; lastKnownFileType = text.plist.xml; path = Info.plist; sourceTree = "<group>"; };
		CE250AA42289739800985F9D /* MasterPopoverUITests.xctest */ = {isa = PBXFileReference; explicitFileType = wrapper.cfbundle; includeInIndex = 0; path = MasterPopoverUITests.xctest; sourceTree = BUILT_PRODUCTS_DIR; };
		CE250AA82289739800985F9D /* MasterPopoverUITests.swift */ = {isa = PBXFileReference; lastKnownFileType = sourcecode.swift; path = MasterPopoverUITests.swift; sourceTree = "<group>"; };
		CE250AAA2289739800985F9D /* Info.plist */ = {isa = PBXFileReference; lastKnownFileType = text.plist.xml; path = Info.plist; sourceTree = "<group>"; };
		CE250AB62289764B00985F9D /* Button.swift */ = {isa = PBXFileReference; lastKnownFileType = sourcecode.swift; path = Button.swift; sourceTree = "<group>"; };
		CE255FD022898DA80025D9A1 /* UIViewExtension.swift */ = {isa = PBXFileReference; lastKnownFileType = sourcecode.swift; path = UIViewExtension.swift; sourceTree = "<group>"; };
		CE5B6482228A524D0037D4DD /* PopupView.swift */ = {isa = PBXFileReference; lastKnownFileType = sourcecode.swift; path = PopupView.swift; sourceTree = "<group>"; };
/* End PBXFileReference section */

/* Begin PBXFrameworksBuildPhase section */
		CE250A7F2289739600985F9D /* Frameworks */ = {
			isa = PBXFrameworksBuildPhase;
			buildActionMask = 2147483647;
			files = (
			);
			runOnlyForDeploymentPostprocessing = 0;
		};
		CE250A962289739800985F9D /* Frameworks */ = {
			isa = PBXFrameworksBuildPhase;
			buildActionMask = 2147483647;
			files = (
			);
			runOnlyForDeploymentPostprocessing = 0;
		};
		CE250AA12289739800985F9D /* Frameworks */ = {
			isa = PBXFrameworksBuildPhase;
			buildActionMask = 2147483647;
			files = (
			);
			runOnlyForDeploymentPostprocessing = 0;
		};
/* End PBXFrameworksBuildPhase section */

/* Begin PBXGroup section */
		CE250A792289739600985F9D = {
			isa = PBXGroup;
			children = (
				CE250A842289739600985F9D /* MasterPopover */,
				CE250A9C2289739800985F9D /* MasterPopoverTests */,
				CE250AA72289739800985F9D /* MasterPopoverUITests */,
				CE250A832289739600985F9D /* Products */,
			);
			sourceTree = "<group>";
		};
		CE250A832289739600985F9D /* Products */ = {
			isa = PBXGroup;
			children = (
				CE250A822289739600985F9D /* MasterPopover.app */,
				CE250A992289739800985F9D /* MasterPopoverTests.xctest */,
				CE250AA42289739800985F9D /* MasterPopoverUITests.xctest */,
			);
			name = Products;
			sourceTree = "<group>";
		};
		CE250A842289739600985F9D /* MasterPopover */ = {
			isa = PBXGroup;
			children = (
				CE250A852289739600985F9D /* AppDelegate.swift */,
				CE250A872289739600985F9D /* ViewController.swift */,
				CE250A892289739600985F9D /* Main.storyboard */,
				CE5B6482228A524D0037D4DD /* PopupView.swift */,
				CE255FD022898DA80025D9A1 /* UIViewExtension.swift */,
				CE250AB62289764B00985F9D /* Button.swift */,
				CE250A8F2289739700985F9D /* Assets.xcassets */,
				CE250A912289739700985F9D /* LaunchScreen.storyboard */,
				CE250A942289739700985F9D /* Info.plist */,
				CE250A8C2289739600985F9D /* MasterPopover.xcdatamodeld */,
			);
			path = MasterPopover;
			sourceTree = "<group>";
		};
		CE250A9C2289739800985F9D /* MasterPopoverTests */ = {
			isa = PBXGroup;
			children = (
				CE250A9D2289739800985F9D /* MasterPopoverTests.swift */,
				CE250A9F2289739800985F9D /* Info.plist */,
			);
			path = MasterPopoverTests;
			sourceTree = "<group>";
		};
		CE250AA72289739800985F9D /* MasterPopoverUITests */ = {
			isa = PBXGroup;
			children = (
				CE250AA82289739800985F9D /* MasterPopoverUITests.swift */,
				CE250AAA2289739800985F9D /* Info.plist */,
			);
			path = MasterPopoverUITests;
			sourceTree = "<group>";
		};
/* End PBXGroup section */

/* Begin PBXNativeTarget section */
		CE250A812289739600985F9D /* MasterPopover */ = {
			isa = PBXNativeTarget;
			buildConfigurationList = CE250AAD2289739800985F9D /* Build configuration list for PBXNativeTarget "MasterPopover" */;
			buildPhases = (
				CE250A7E2289739600985F9D /* Sources */,
				CE250A7F2289739600985F9D /* Frameworks */,
				CE250A802289739600985F9D /* Resources */,
			);
			buildRules = (
			);
			dependencies = (
			);
			name = MasterPopover;
			productName = MasterPopover;
			productReference = CE250A822289739600985F9D /* MasterPopover.app */;
			productType = "com.apple.product-type.application";
		};
		CE250A982289739800985F9D /* MasterPopoverTests */ = {
			isa = PBXNativeTarget;
			buildConfigurationList = CE250AB02289739800985F9D /* Build configuration list for PBXNativeTarget "MasterPopoverTests" */;
			buildPhases = (
				CE250A952289739800985F9D /* Sources */,
				CE250A962289739800985F9D /* Frameworks */,
				CE250A972289739800985F9D /* Resources */,
			);
			buildRules = (
			);
			dependencies = (
				CE250A9B2289739800985F9D /* PBXTargetDependency */,
			);
			name = MasterPopoverTests;
			productName = MasterPopoverTests;
			productReference = CE250A992289739800985F9D /* MasterPopoverTests.xctest */;
			productType = "com.apple.product-type.bundle.unit-test";
		};
		CE250AA32289739800985F9D /* MasterPopoverUITests */ = {
			isa = PBXNativeTarget;
			buildConfigurationList = CE250AB32289739800985F9D /* Build configuration list for PBXNativeTarget "MasterPopoverUITests" */;
			buildPhases = (
				CE250AA02289739800985F9D /* Sources */,
				CE250AA12289739800985F9D /* Frameworks */,
				CE250AA22289739800985F9D /* Resources */,
			);
			buildRules = (
			);
			dependencies = (
				CE250AA62289739800985F9D /* PBXTargetDependency */,
			);
			name = MasterPopoverUITests;
			productName = MasterPopoverUITests;
			productReference = CE250AA42289739800985F9D /* MasterPopoverUITests.xctest */;
			productType = "com.apple.product-type.bundle.ui-testing";
		};
/* End PBXNativeTarget section */

/* Begin PBXProject section */
		CE250A7A2289739600985F9D /* Project object */ = {
			isa = PBXProject;
			attributes = {
				LastSwiftUpdateCheck = 1000;
				LastUpgradeCheck = 1000;
				ORGANIZATIONNAME = duycuong;
				TargetAttributes = {
					CE250A812289739600985F9D = {
						CreatedOnToolsVersion = 10.0;
					};
					CE250A982289739800985F9D = {
						CreatedOnToolsVersion = 10.0;
						TestTargetID = CE250A812289739600985F9D;
					};
					CE250AA32289739800985F9D = {
						CreatedOnToolsVersion = 10.0;
						TestTargetID = CE250A812289739600985F9D;
					};
				};
			};
			buildConfigurationList = CE250A7D2289739600985F9D /* Build configuration list for PBXProject "MasterPopover" */;
			compatibilityVersion = "Xcode 9.3";
			developmentRegion = en;
			hasScannedForEncodings = 0;
			knownRegions = (
				en,
				Base,
			);
			mainGroup = CE250A792289739600985F9D;
			productRefGroup = CE250A832289739600985F9D /* Products */;
			projectDirPath = "";
			projectRoot = "";
			targets = (
				CE250A812289739600985F9D /* MasterPopover */,
				CE250A982289739800985F9D /* MasterPopoverTests */,
				CE250AA32289739800985F9D /* MasterPopoverUITests */,
			);
		};
/* End PBXProject section */

/* Begin PBXResourcesBuildPhase section */
		CE250A802289739600985F9D /* Resources */ = {
			isa = PBXResourcesBuildPhase;
			buildActionMask = 2147483647;
			files = (
				CE250A932289739700985F9D /* LaunchScreen.storyboard in Resources */,
				CE250A902289739700985F9D /* Assets.xcassets in Resources */,
				CE250A8B2289739600985F9D /* Main.storyboard in Resources */,
			);
			runOnlyForDeploymentPostprocessing = 0;
		};
		CE250A972289739800985F9D /* Resources */ = {
			isa = PBXResourcesBuildPhase;
			buildActionMask = 2147483647;
			files = (
			);
			runOnlyForDeploymentPostprocessing = 0;
		};
		CE250AA22289739800985F9D /* Resources */ = {
			isa = PBXResourcesBuildPhase;
			buildActionMask = 2147483647;
			files = (
			);
			runOnlyForDeploymentPostprocessing = 0;
		};
/* End PBXResourcesBuildPhase section */

/* Begin PBXSourcesBuildPhase section */
		CE250A7E2289739600985F9D /* Sources */ = {
			isa = PBXSourcesBuildPhase;
			buildActionMask = 2147483647;
			files = (
				CE255FD122898DA80025D9A1 /* UIViewExtension.swift in Sources */,
				CE250A882289739600985F9D /* ViewController.swift in Sources */,
				CE250A862289739600985F9D /* AppDelegate.swift in Sources */,
				CE5B6483228A524D0037D4DD /* PopupView.swift in Sources */,
				CE250A8E2289739600985F9D /* MasterPopover.xcdatamodeld in Sources */,
				CE250AB72289764B00985F9D /* Button.swift in Sources */,
			);
			runOnlyForDeploymentPostprocessing = 0;
		};
		CE250A952289739800985F9D /* Sources */ = {
			isa = PBXSourcesBuildPhase;
			buildActionMask = 2147483647;
			files = (
				CE250A9E2289739800985F9D /* MasterPopoverTests.swift in Sources */,
			);
			runOnlyForDeploymentPostprocessing = 0;
		};
		CE250AA02289739800985F9D /* Sources */ = {
			isa = PBXSourcesBuildPhase;
			buildActionMask = 2147483647;
			files = (
				CE250AA92289739800985F9D /* MasterPopoverUITests.swift in Sources */,
			);
			runOnlyForDeploymentPostprocessing = 0;
		};
/* End PBXSourcesBuildPhase section */

/* Begin PBXTargetDependency section */
		CE250A9B2289739800985F9D /* PBXTargetDependency */ = {
			isa = PBXTargetDependency;
			target = CE250A812289739600985F9D /* MasterPopover */;
			targetProxy = CE250A9A2289739800985F9D /* PBXContainerItemProxy */;
		};
		CE250AA62289739800985F9D /* PBXTargetDependency */ = {
			isa = PBXTargetDependency;
			target = CE250A812289739600985F9D /* MasterPopover */;
			targetProxy = CE250AA52289739800985F9D /* PBXContainerItemProxy */;
		};
/* End PBXTargetDependency section */

/* Begin PBXVariantGroup section */
		CE250A892289739600985F9D /* Main.storyboard */ = {
			isa = PBXVariantGroup;
			children = (
				CE250A8A2289739600985F9D /* Base */,
			);
			name = Main.storyboard;
			sourceTree = "<group>";
		};
		CE250A912289739700985F9D /* LaunchScreen.storyboard */ = {
			isa = PBXVariantGroup;
			children = (
				CE250A922289739700985F9D /* Base */,
			);
			name = LaunchScreen.storyboard;
			sourceTree = "<group>";
		};
/* End PBXVariantGroup section */

/* Begin XCBuildConfiguration section */
		CE250AAB2289739800985F9D /* Debug */ = {
			isa = XCBuildConfiguration;
			buildSettings = {
				ALWAYS_SEARCH_USER_PATHS = NO;
				CLANG_ANALYZER_NONNULL = YES;
				CLANG_ANALYZER_NUMBER_OBJECT_CONVERSION = YES_AGGRESSIVE;
				CLANG_CXX_LANGUAGE_STANDARD = "gnu++14";
				CLANG_CXX_LIBRARY = "libc++";
				CLANG_ENABLE_MODULES = YES;
				CLANG_ENABLE_OBJC_ARC = YES;
				CLANG_ENABLE_OBJC_WEAK = YES;
				CLANG_WARN_BLOCK_CAPTURE_AUTORELEASING = YES;
				CLANG_WARN_BOOL_CONVERSION = YES;
				CLANG_WARN_COMMA = YES;
				CLANG_WARN_CONSTANT_CONVERSION = YES;
				CLANG_WARN_DEPRECATED_OBJC_IMPLEMENTATIONS = YES;
				CLANG_WARN_DIRECT_OBJC_ISA_USAGE = YES_ERROR;
				CLANG_WARN_DOCUMENTATION_COMMENTS = YES;
				CLANG_WARN_EMPTY_BODY = YES;
				CLANG_WARN_ENUM_CONVERSION = YES;
				CLANG_WARN_INFINITE_RECURSION = YES;
				CLANG_WARN_INT_CONVERSION = YES;
				CLANG_WARN_NON_LITERAL_NULL_CONVERSION = YES;
				CLANG_WARN_OBJC_IMPLICIT_RETAIN_SELF = YES;
				CLANG_WARN_OBJC_LITERAL_CONVERSION = YES;
				CLANG_WARN_OBJC_ROOT_CLASS = YES_ERROR;
				CLANG_WARN_RANGE_LOOP_ANALYSIS = YES;
				CLANG_WARN_STRICT_PROTOTYPES = YES;
				CLANG_WARN_SUSPICIOUS_MOVE = YES;
				CLANG_WARN_UNGUARDED_AVAILABILITY = YES_AGGRESSIVE;
				CLANG_WARN_UNREACHABLE_CODE = YES;
				CLANG_WARN__DUPLICATE_METHOD_MATCH = YES;
				CODE_SIGN_IDENTITY = "iPhone Developer";
				COPY_PHASE_STRIP = NO;
				DEBUG_INFORMATION_FORMAT = dwarf;
				ENABLE_STRICT_OBJC_MSGSEND = YES;
				ENABLE_TESTABILITY = YES;
				GCC_C_LANGUAGE_STANDARD = gnu11;
				GCC_DYNAMIC_NO_PIC = NO;
				GCC_NO_COMMON_BLOCKS = YES;
				GCC_OPTIMIZATION_LEVEL = 0;
				GCC_PREPROCESSOR_DEFINITIONS = (
					"DEBUG=1",
					"$(inherited)",
				);
				GCC_WARN_64_TO_32_BIT_CONVERSION = YES;
				GCC_WARN_ABOUT_RETURN_TYPE = YES_ERROR;
				GCC_WARN_UNDECLARED_SELECTOR = YES;
				GCC_WARN_UNINITIALIZED_AUTOS = YES_AGGRESSIVE;
				GCC_WARN_UNUSED_FUNCTION = YES;
				GCC_WARN_UNUSED_VARIABLE = YES;
				IPHONEOS_DEPLOYMENT_TARGET = 12.0;
				MTL_ENABLE_DEBUG_INFO = INCLUDE_SOURCE;
				MTL_FAST_MATH = YES;
				ONLY_ACTIVE_ARCH = YES;
				SDKROOT = iphoneos;
				SWIFT_ACTIVE_COMPILATION_CONDITIONS = DEBUG;
				SWIFT_OPTIMIZATION_LEVEL = "-Onone";
			};
			name = Debug;
		};
		CE250AAC2289739800985F9D /* Release */ = {
			isa = XCBuildConfiguration;
			buildSettings = {
				ALWAYS_SEARCH_USER_PATHS = NO;
				CLANG_ANALYZER_NONNULL = YES;
				CLANG_ANALYZER_NUMBER_OBJECT_CONVERSION = YES_AGGRESSIVE;
				CLANG_CXX_LANGUAGE_STANDARD = "gnu++14";
				CLANG_CXX_LIBRARY = "libc++";
				CLANG_ENABLE_MODULES = YES;
				CLANG_ENABLE_OBJC_ARC = YES;
				CLANG_ENABLE_OBJC_WEAK = YES;
				CLANG_WARN_BLOCK_CAPTURE_AUTORELEASING = YES;
				CLANG_WARN_BOOL_CONVERSION = YES;
				CLANG_WARN_COMMA = YES;
				CLANG_WARN_CONSTANT_CONVERSION = YES;
				CLANG_WARN_DEPRECATED_OBJC_IMPLEMENTATIONS = YES;
				CLANG_WARN_DIRECT_OBJC_ISA_USAGE = YES_ERROR;
				CLANG_WARN_DOCUMENTATION_COMMENTS = YES;
				CLANG_WARN_EMPTY_BODY = YES;
				CLANG_WARN_ENUM_CONVERSION = YES;
				CLANG_WARN_INFINITE_RECURSION = YES;
				CLANG_WARN_INT_CONVERSION = YES;
				CLANG_WARN_NON_LITERAL_NULL_CONVERSION = YES;
				CLANG_WARN_OBJC_IMPLICIT_RETAIN_SELF = YES;
				CLANG_WARN_OBJC_LITERAL_CONVERSION = YES;
				CLANG_WARN_OBJC_ROOT_CLASS = YES_ERROR;
				CLANG_WARN_RANGE_LOOP_ANALYSIS = YES;
				CLANG_WARN_STRICT_PROTOTYPES = YES;
				CLANG_WARN_SUSPICIOUS_MOVE = YES;
				CLANG_WARN_UNGUARDED_AVAILABILITY = YES_AGGRESSIVE;
				CLANG_WARN_UNREACHABLE_CODE = YES;
				CLANG_WARN__DUPLICATE_METHOD_MATCH = YES;
				CODE_SIGN_IDENTITY = "iPhone Developer";
				COPY_PHASE_STRIP = NO;
				DEBUG_INFORMATION_FORMAT = "dwarf-with-dsym";
				ENABLE_NS_ASSERTIONS = NO;
				ENABLE_STRICT_OBJC_MSGSEND = YES;
				GCC_C_LANGUAGE_STANDARD = gnu11;
				GCC_NO_COMMON_BLOCKS = YES;
				GCC_WARN_64_TO_32_BIT_CONVERSION = YES;
				GCC_WARN_ABOUT_RETURN_TYPE = YES_ERROR;
				GCC_WARN_UNDECLARED_SELECTOR = YES;
				GCC_WARN_UNINITIALIZED_AUTOS = YES_AGGRESSIVE;
				GCC_WARN_UNUSED_FUNCTION = YES;
				GCC_WARN_UNUSED_VARIABLE = YES;
				IPHONEOS_DEPLOYMENT_TARGET = 12.0;
				MTL_ENABLE_DEBUG_INFO = NO;
				MTL_FAST_MATH = YES;
				SDKROOT = iphoneos;
				SWIFT_COMPILATION_MODE = wholemodule;
				SWIFT_OPTIMIZATION_LEVEL = "-O";
				VALIDATE_PRODUCT = YES;
			};
			name = Release;
		};
		CE250AAE2289739800985F9D /* Debug */ = {
			isa = XCBuildConfiguration;
			buildSettings = {
				ASSETCATALOG_COMPILER_APPICON_NAME = AppIcon;
				CODE_SIGN_STYLE = Automatic;
				INFOPLIST_FILE = MasterPopover/Info.plist;
				LD_RUNPATH_SEARCH_PATHS = (
					"$(inherited)",
					"@executable_path/Frameworks",
				);
				PRODUCT_BUNDLE_IDENTIFIER = duycuongB0.MasterPopover;
				PRODUCT_NAME = "$(TARGET_NAME)";
				SWIFT_VERSION = 4.2;
				TARGETED_DEVICE_FAMILY = "1,2";
			};
			name = Debug;
		};
		CE250AAF2289739800985F9D /* Release */ = {
			isa = XCBuildConfiguration;
			buildSettings = {
				ASSETCATALOG_COMPILER_APPICON_NAME = AppIcon;
				CODE_SIGN_STYLE = Automatic;
				INFOPLIST_FILE = MasterPopover/Info.plist;
				LD_RUNPATH_SEARCH_PATHS = (
					"$(inherited)",
					"@executable_path/Frameworks",
				);
				PRODUCT_BUNDLE_IDENTIFIER = duycuongB0.MasterPopover;
				PRODUCT_NAME = "$(TARGET_NAME)";
				SWIFT_VERSION = 4.2;
				TARGETED_DEVICE_FAMILY = "1,2";
			};
			name = Release;
		};
		CE250AB12289739800985F9D /* Debug */ = {
			isa = XCBuildConfiguration;
			buildSettings = {
				ALWAYS_EMBED_SWIFT_STANDARD_LIBRARIES = YES;
				BUNDLE_LOADER = "$(TEST_HOST)";
				CODE_SIGN_STYLE = Automatic;
				INFOPLIST_FILE = MasterPopoverTests/Info.plist;
				LD_RUNPATH_SEARCH_PATHS = (
					"$(inherited)",
					"@executable_path/Frameworks",
					"@loader_path/Frameworks",
				);
				PRODUCT_BUNDLE_IDENTIFIER = duycuongB0.MasterPopoverTests;
				PRODUCT_NAME = "$(TARGET_NAME)";
				SWIFT_VERSION = 4.2;
				TARGETED_DEVICE_FAMILY = "1,2";
				TEST_HOST = "$(BUILT_PRODUCTS_DIR)/MasterPopover.app/MasterPopover";
			};
			name = Debug;
		};
		CE250AB22289739800985F9D /* Release */ = {
			isa = XCBuildConfiguration;
			buildSettings = {
				ALWAYS_EMBED_SWIFT_STANDARD_LIBRARIES = YES;
				BUNDLE_LOADER = "$(TEST_HOST)";
				CODE_SIGN_STYLE = Automatic;
				INFOPLIST_FILE = MasterPopoverTests/Info.plist;
				LD_RUNPATH_SEARCH_PATHS = (
					"$(inherited)",
					"@executable_path/Frameworks",
					"@loader_path/Frameworks",
				);
				PRODUCT_BUNDLE_IDENTIFIER = duycuongB0.MasterPopoverTests;
				PRODUCT_NAME = "$(TARGET_NAME)";
				SWIFT_VERSION = 4.2;
				TARGETED_DEVICE_FAMILY = "1,2";
				TEST_HOST = "$(BUILT_PRODUCTS_DIR)/MasterPopover.app/MasterPopover";
			};
			name = Release;
		};
		CE250AB42289739800985F9D /* Debug */ = {
			isa = XCBuildConfiguration;
			buildSettings = {
				ALWAYS_EMBED_SWIFT_STANDARD_LIBRARIES = YES;
				CODE_SIGN_STYLE = Automatic;
				INFOPLIST_FILE = MasterPopoverUITests/Info.plist;
				LD_RUNPATH_SEARCH_PATHS = (
					"$(inherited)",
					"@executable_path/Frameworks",
					"@loader_path/Frameworks",
				);
				PRODUCT_BUNDLE_IDENTIFIER = duycuongB0.MasterPopoverUITests;
				PRODUCT_NAME = "$(TARGET_NAME)";
				SWIFT_VERSION = 4.2;
				TARGETED_DEVICE_FAMILY = "1,2";
				TEST_TARGET_NAME = MasterPopover;
			};
			name = Debug;
		};
		CE250AB52289739800985F9D /* Release */ = {
			isa = XCBuildConfiguration;
			buildSettings = {
				ALWAYS_EMBED_SWIFT_STANDARD_LIBRARIES = YES;
				CODE_SIGN_STYLE = Automatic;
				INFOPLIST_FILE = MasterPopoverUITests/Info.plist;
				LD_RUNPATH_SEARCH_PATHS = (
					"$(inherited)",
					"@executable_path/Frameworks",
					"@loader_path/Frameworks",
				);
				PRODUCT_BUNDLE_IDENTIFIER = duycuongB0.MasterPopoverUITests;
				PRODUCT_NAME = "$(TARGET_NAME)";
				SWIFT_VERSION = 4.2;
				TARGETED_DEVICE_FAMILY = "1,2";
				TEST_TARGET_NAME = MasterPopover;
			};
			name = Release;
		};
/* End XCBuildConfiguration section */

/* Begin XCConfigurationList section */
		CE250A7D2289739600985F9D /* Build configuration list for PBXProject "MasterPopover" */ = {
			isa = XCConfigurationList;
			buildConfigurations = (
				CE250AAB2289739800985F9D /* Debug */,
				CE250AAC2289739800985F9D /* Release */,
			);
			defaultConfigurationIsVisible = 0;
			defaultConfigurationName = Release;
		};
		CE250AAD2289739800985F9D /* Build configuration list for PBXNativeTarget "MasterPopover" */ = {
			isa = XCConfigurationList;
			buildConfigurations = (
				CE250AAE2289739800985F9D /* Debug */,
				CE250AAF2289739800985F9D /* Release */,
			);
			defaultConfigurationIsVisible = 0;
			defaultConfigurationName = Release;
		};
		CE250AB02289739800985F9D /* Build configuration list for PBXNativeTarget "MasterPopoverTests" */ = {
			isa = XCConfigurationList;
			buildConfigurations = (
				CE250AB12289739800985F9D /* Debug */,
				CE250AB22289739800985F9D /* Release */,
			);
			defaultConfigurationIsVisible = 0;
			defaultConfigurationName = Release;
		};
		CE250AB32289739800985F9D /* Build configuration list for PBXNativeTarget "MasterPopoverUITests" */ = {
			isa = XCConfigurationList;
			buildConfigurations = (
				CE250AB42289739800985F9D /* Debug */,
				CE250AB52289739800985F9D /* Release */,
			);
			defaultConfigurationIsVisible = 0;
			defaultConfigurationName = Release;
		};
/* End XCConfigurationList section */

/* Begin XCVersionGroup section */
		CE250A8C2289739600985F9D /* MasterPopover.xcdatamodeld */ = {
			isa = XCVersionGroup;
			children = (
				CE250A8D2289739600985F9D /* MasterPopover.xcdatamodel */,
			);
			currentVersion = CE250A8D2289739600985F9D /* MasterPopover.xcdatamodel */;
			path = MasterPopover.xcdatamodeld;
			sourceTree = "<group>";
			versionGroupType = wrapper.xcdatamodel;
		};
/* End XCVersionGroup section */
	};
	rootObject = CE250A7A2289739600985F9D /* Project object */;
}
